
Microsoft Visual Studio Solution File, Format Version 12.00
# Visual Studio Version 17
VisualStudioVersion = 17.4.33205.214
MinimumVisualStudioVersion = 10.0.40219.1
Project("{9A19103F-16F7-4668-BE54-9A1E7A4F7556}") = "Design", "Design.csproj", "{E0D97FFC-81C1-4584-85E4-BEA63B6E647F}"
EndProject
Project("{9A19103F-16F7-4668-BE54-9A1E7A4F7556}") = "CreateDesignDemo", "..\Demo\CreateDesignDemo.csproj", "{FE7DE9FB-0452-455F-8608-251EFB9F4132}"
EndProject
Project("{9A19103F-16F7-4668-BE54-9A1E7A4F7556}") = "StructDesignDemo", "..\StructDesignDemo\StructDesignDemo.csproj", "{3C19C864-DD43-4E94-ACC2-DF31FF01CDB8}"
EndProject
Project("{9A19103F-16F7-4668-BE54-9A1E7A4F7556}") = "ActionDesignDemo", "..\ActionDesignDemo\ActionDesignDemo.csproj", "{C0CD7D27-2D49-48CF-9C7A-BF1B29C9104C}"
EndProject
Project("{FAE04EC0-301F-11D3-BF4B-00C04F79EFBC}") = "CWDesign", "..\CWDesign\CWDesign.csproj", "{EC8B06F3-955C-48F0-AEEE-F57059DAC8E5}"
EndProject
Global
	GlobalSection(SolutionConfigurationPlatforms) = preSolution
		Debug|Any CPU = Debug|Any CPU
		Release|Any CPU = Release|Any CPU
	EndGlobalSection
	GlobalSection(ProjectConfigurationPlatforms) = postSolution
		{E0D97FFC-81C1-4584-85E4-BEA63B6E647F}.Debug|Any CPU.ActiveCfg = Debug|Any CPU
		{E0D97FFC-81C1-4584-85E4-BEA63B6E647F}.Debug|Any CPU.Build.0 = Debug|Any CPU
		{E0D97FFC-81C1-4584-85E4-BEA63B6E647F}.Release|Any CPU.ActiveCfg = Release|Any CPU
		{E0D97FFC-81C1-4584-85E4-BEA63B6E647F}.Release|Any CPU.Build.0 = Release|Any CPU
		{FE7DE9FB-0452-455F-8608-251EFB9F4132}.Debug|Any CPU.ActiveCfg = Debug|Any CPU
		{FE7DE9FB-0452-455F-8608-251EFB9F4132}.Debug|Any CPU.Build.0 = Debug|Any CPU
		{FE7DE9FB-0452-455F-8608-251EFB9F4132}.Release|Any CPU.ActiveCfg = Release|Any CPU
		{FE7DE9FB-0452-455F-8608-251EFB9F4132}.Release|Any CPU.Build.0 = Release|Any CPU
		{3C19C864-DD43-4E94-ACC2-DF31FF01CDB8}.Debug|Any CPU.ActiveCfg = Debug|Any CPU
		{3C19C864-DD43-4E94-ACC2-DF31FF01CDB8}.Debug|Any CPU.Build.0 = Debug|Any CPU
		{3C19C864-DD43-4E94-ACC2-DF31FF01CDB8}.Release|Any CPU.ActiveCfg = Release|Any CPU
		{3C19C864-DD43-4E94-ACC2-DF31FF01CDB8}.Release|Any CPU.Build.0 = Release|Any CPU
		{C0CD7D27-2D49-48CF-9C7A-BF1B29C9104C}.Debug|Any CPU.ActiveCfg = Debug|Any CPU
		{C0CD7D27-2D49-48CF-9C7A-BF1B29C9104C}.Debug|Any CPU.Build.0 = Debug|Any CPU
		{C0CD7D27-2D49-48CF-9C7A-BF1B29C9104C}.Release|Any CPU.ActiveCfg = Release|Any CPU
		{C0CD7D27-2D49-48CF-9C7A-BF1B29C9104C}.Release|Any CPU.Build.0 = Release|Any CPU
		{EC8B06F3-955C-48F0-AEEE-F57059DAC8E5}.Debug|Any CPU.ActiveCfg = Debug|Any CPU
		{EC8B06F3-955C-48F0-AEEE-F57059DAC8E5}.Debug|Any CPU.Build.0 = Debug|Any CPU
		{EC8B06F3-955C-48F0-AEEE-F57059DAC8E5}.Release|Any CPU.ActiveCfg = Release|Any CPU
		{EC8B06F3-955C-48F0-AEEE-F57059DAC8E5}.Release|Any CPU.Build.0 = Release|Any CPU
	EndGlobalSection
	GlobalSection(SolutionProperties) = preSolution
		HideSolutionNode = FALSE
	EndGlobalSection
	GlobalSection(ExtensibilityGlobals) = postSolution
		SolutionGuid = {9A0CD3CB-2531-4AC3-B060-074AD3C6AA31}
	EndGlobalSection
EndGlobal
